// !$*UTF8*$!
{
	archiveVersion = 1;
	classes = {
	};
	objectVersion = 48;
	objects = {

/* Begin PBXBuildFile section */
		7C2DD7C31FFBDFD800F89842 /* Cartfile in Resources */ = {isa = PBXBuildFile; fileRef = 7C2DD7C21FFBDFD800F89842 /* Cartfile */; };
		7C2DD7C61FFBE5B200F89842 /* SDWebImage.framework in Frameworks */ = {isa = PBXBuildFile; fileRef = 7C2DD7C51FFBE5B200F89842 /* SDWebImage.framework */; };
		7C4F3BF91FF3C9080023AF93 /* ComicBook.swift in Sources */ = {isa = PBXBuildFile; fileRef = 7C4F3BF81FF3C9080023AF93 /* ComicBook.swift */; };
		7C4F3BFB1FF3EFF40023AF93 /* APIManager.swift in Sources */ = {isa = PBXBuildFile; fileRef = 7C4F3BFA1FF3EFF40023AF93 /* APIManager.swift */; };
		7C4F3BFD1FFAF2710023AF93 /* ComicCollectionViewCell.swift in Sources */ = {isa = PBXBuildFile; fileRef = 7C4F3BFC1FFAF2710023AF93 /* ComicCollectionViewCell.swift */; };
		7C4F3BFF1FFAFA900023AF93 /* ComicResources.swift in Sources */ = {isa = PBXBuildFile; fileRef = 7C4F3BFE1FFAFA900023AF93 /* ComicResources.swift */; };
		7C8CF13B1FF1B335006F5B1E /* AppDelegate.swift in Sources */ = {isa = PBXBuildFile; fileRef = 7C8CF13A1FF1B335006F5B1E /* AppDelegate.swift */; };
		7C8CF1401FF1B335006F5B1E /* Main.storyboard in Resources */ = {isa = PBXBuildFile; fileRef = 7C8CF13E1FF1B335006F5B1E /* Main.storyboard */; };
		7C8CF1421FF1B335006F5B1E /* Assets.xcassets in Resources */ = {isa = PBXBuildFile; fileRef = 7C8CF1411FF1B335006F5B1E /* Assets.xcassets */; };
		7C8CF1451FF1B335006F5B1E /* LaunchScreen.storyboard in Resources */ = {isa = PBXBuildFile; fileRef = 7C8CF1431FF1B335006F5B1E /* LaunchScreen.storyboard */; };
		7C8CF14D1FF1B43F006F5B1E /* ComicsCollectionViewController.swift in Sources */ = {isa = PBXBuildFile; fileRef = 7C8CF14C1FF1B43F006F5B1E /* ComicsCollectionViewController.swift */; };
/* End PBXBuildFile section */

/* Begin PBXFileReference section */
		7C2DD7C21FFBDFD800F89842 /* Cartfile */ = {isa = PBXFileReference; lastKnownFileType = text; path = Cartfile; sourceTree = "<group>"; };
		7C2DD7C51FFBE5B200F89842 /* SDWebImage.framework */ = {isa = PBXFileReference; lastKnownFileType = wrapper.framework; name = SDWebImage.framework; path = Carthage/Build/iOS/SDWebImage.framework; sourceTree = "<group>"; };
		7C4F3BF81FF3C9080023AF93 /* ComicBook.swift */ = {isa = PBXFileReference; lastKnownFileType = sourcecode.swift; path = ComicBook.swift; sourceTree = "<group>"; };
		7C4F3BFA1FF3EFF40023AF93 /* APIManager.swift */ = {isa = PBXFileReference; lastKnownFileType = sourcecode.swift; path = APIManager.swift; sourceTree = "<group>"; };
		7C4F3BFC1FFAF2710023AF93 /* ComicCollectionViewCell.swift */ = {isa = PBXFileReference; lastKnownFileType = sourcecode.swift; path = ComicCollectionViewCell.swift; sourceTree = "<group>"; };
		7C4F3BFE1FFAFA900023AF93 /* ComicResources.swift */ = {isa = PBXFileReference; lastKnownFileType = sourcecode.swift; path = ComicResources.swift; sourceTree = "<group>"; };
		7C8CF1371FF1B335006F5B1E /* marvelComics.app */ = {isa = PBXFileReference; explicitFileType = wrapper.application; includeInIndex = 0; path = marvelComics.app; sourceTree = BUILT_PRODUCTS_DIR; };
		7C8CF13A1FF1B335006F5B1E /* AppDelegate.swift */ = {isa = PBXFileReference; lastKnownFileType = sourcecode.swift; path = AppDelegate.swift; sourceTree = "<group>"; };
		7C8CF13F1FF1B335006F5B1E /* Base */ = {isa = PBXFileReference; lastKnownFileType = file.storyboard; name = Base; path = Base.lproj/Main.storyboard; sourceTree = "<group>"; };
		7C8CF1411FF1B335006F5B1E /* Assets.xcassets */ = {isa = PBXFileReference; lastKnownFileType = folder.assetcatalog; path = Assets.xcassets; sourceTree = "<group>"; };
		7C8CF1441FF1B335006F5B1E /* Base */ = {isa = PBXFileReference; lastKnownFileType = file.storyboard; name = Base; path = Base.lproj/LaunchScreen.storyboard; sourceTree = "<group>"; };
		7C8CF1461FF1B335006F5B1E /* Info.plist */ = {isa = PBXFileReference; lastKnownFileType = text.plist.xml; path = Info.plist; sourceTree = "<group>"; };
		7C8CF14C1FF1B43F006F5B1E /* ComicsCollectionViewController.swift */ = {isa = PBXFileReference; lastKnownFileType = sourcecode.swift; path = ComicsCollectionViewController.swift; sourceTree = "<group>"; };
/* End PBXFileReference section */

/* Begin PBXFrameworksBuildPhase section */
		7C8CF1341FF1B335006F5B1E /* Frameworks */ = {
			isa = PBXFrameworksBuildPhase;
			buildActionMask = 2147483647;
			files = (
				7C2DD7C61FFBE5B200F89842 /* SDWebImage.framework in Frameworks */,
			);
			runOnlyForDeploymentPostprocessing = 0;
		};
/* End PBXFrameworksBuildPhase section */

/* Begin PBXGroup section */
		7C2DD7C01FFBB1B600F89842 /* Model */ = {
			isa = PBXGroup;
			children = (
				7C4F3BF81FF3C9080023AF93 /* ComicBook.swift */,
				7C4F3BFE1FFAFA900023AF93 /* ComicResources.swift */,
			);
			path = Model;
			sourceTree = "<group>";
		};
		7C2DD7C11FFBB1D000F89842 /* View */ = {
			isa = PBXGroup;
			children = (
				7C4F3BFC1FFAF2710023AF93 /* ComicCollectionViewCell.swift */,
			);
			path = View;
			sourceTree = "<group>";
		};
		7C2DD7C41FFBE5B100F89842 /* Frameworks */ = {
			isa = PBXGroup;
			children = (
				7C2DD7C51FFBE5B200F89842 /* SDWebImage.framework */,
			);
			name = Frameworks;
			sourceTree = "<group>";
		};
		7C8CF12E1FF1B335006F5B1E = {
			isa = PBXGroup;
			children = (
				7C2DD7C21FFBDFD800F89842 /* Cartfile */,
				7C8CF1391FF1B335006F5B1E /* marvelComics */,
				7C8CF1381FF1B335006F5B1E /* Products */,
				7C2DD7C41FFBE5B100F89842 /* Frameworks */,
			);
			sourceTree = "<group>";
		};
		7C8CF1381FF1B335006F5B1E /* Products */ = {
			isa = PBXGroup;
			children = (
				7C8CF1371FF1B335006F5B1E /* marvelComics.app */,
			);
			name = Products;
			sourceTree = "<group>";
		};
		7C8CF1391FF1B335006F5B1E /* marvelComics */ = {
			isa = PBXGroup;
			children = (
				7C8CF13A1FF1B335006F5B1E /* AppDelegate.swift */,
				7C8CF13E1FF1B335006F5B1E /* Main.storyboard */,
				7C8CF1411FF1B335006F5B1E /* Assets.xcassets */,
				7C8CF1431FF1B335006F5B1E /* LaunchScreen.storyboard */,
				7C8CF1461FF1B335006F5B1E /* Info.plist */,
				7C8CF14E1FF1B448006F5B1E /* Controller */,
				7C2DD7C01FFBB1B600F89842 /* Model */,
				7C4F3BFA1FF3EFF40023AF93 /* APIManager.swift */,
				7C2DD7C11FFBB1D000F89842 /* View */,
			);
			path = marvelComics;
			sourceTree = "<group>";
		};
		7C8CF14E1FF1B448006F5B1E /* Controller */ = {
			isa = PBXGroup;
			children = (
				7C8CF14C1FF1B43F006F5B1E /* ComicsCollectionViewController.swift */,
			);
			path = Controller;
			sourceTree = "<group>";
		};
/* End PBXGroup section */

/* Begin PBXNativeTarget section */
		7C8CF1361FF1B335006F5B1E /* marvelComics */ = {
			isa = PBXNativeTarget;
			buildConfigurationList = 7C8CF1491FF1B335006F5B1E /* Build configuration list for PBXNativeTarget "marvelComics" */;
			buildPhases = (
				7C8CF1331FF1B335006F5B1E /* Sources */,
				7C8CF1341FF1B335006F5B1E /* Frameworks */,
				7C8CF1351FF1B335006F5B1E /* Resources */,
				7C855F9E1FFBEB1E00CA8BC4 /* ShellScript */,
			);
			buildRules = (
			);
			dependencies = (
			);
			name = marvelComics;
			productName = marvelComics;
			productReference = 7C8CF1371FF1B335006F5B1E /* marvelComics.app */;
			productType = "com.apple.product-type.application";
		};
/* End PBXNativeTarget section */

/* Begin PBXProject section */
		7C8CF12F1FF1B335006F5B1E /* Project object */ = {
			isa = PBXProject;
			attributes = {
				LastSwiftUpdateCheck = 0910;
				LastUpgradeCheck = 0910;
				ORGANIZATIONNAME = "Miguel Gomes";
				TargetAttributes = {
					7C8CF1361FF1B335006F5B1E = {
						CreatedOnToolsVersion = 9.1;
						ProvisioningStyle = Automatic;
					};
				};
			};
			buildConfigurationList = 7C8CF1321FF1B335006F5B1E /* Build configuration list for PBXProject "marvelComics" */;
			compatibilityVersion = "Xcode 8.0";
			developmentRegion = en;
			hasScannedForEncodings = 0;
			knownRegions = (
				en,
				Base,
			);
			mainGroup = 7C8CF12E1FF1B335006F5B1E;
			productRefGroup = 7C8CF1381FF1B335006F5B1E /* Products */;
			projectDirPath = "";
			projectRoot = "";
			targets = (
				7C8CF1361FF1B335006F5B1E /* marvelComics */,
			);
		};
/* End PBXProject section */

/* Begin PBXResourcesBuildPhase section */
		7C8CF1351FF1B335006F5B1E /* Resources */ = {
			isa = PBXResourcesBuildPhase;
			buildActionMask = 2147483647;
			files = (
				7C8CF1451FF1B335006F5B1E /* LaunchScreen.storyboard in Resources */,
				7C8CF1421FF1B335006F5B1E /* Assets.xcassets in Resources */,
				7C2DD7C31FFBDFD800F89842 /* Cartfile in Resources */,
				7C8CF1401FF1B335006F5B1E /* Main.storyboard in Resources */,
			);
			runOnlyForDeploymentPostprocessing = 0;
		};
/* End PBXResourcesBuildPhase section */

/* Begin PBXShellScriptBuildPhase section */
		7C855F9E1FFBEB1E00CA8BC4 /* ShellScript */ = {
			isa = PBXShellScriptBuildPhase;
			buildActionMask = 2147483647;
			files = (
			);
			inputPaths = (
				"$(SRCROOT)/Carthage/Build/iOS/SDWebImage.framework",
			);
			outputPaths = (
			);
			runOnlyForDeploymentPostprocessing = 0;
			shellPath = /bin/sh;
			shellScript = "/usr/local/bin/carthage copy-frameworks";
		};
/* End PBXShellScriptBuildPhase section */

/* Begin PBXSourcesBuildPhase section */
		7C8CF1331FF1B335006F5B1E /* Sources */ = {
			isa = PBXSourcesBuildPhase;
			buildActionMask = 2147483647;
			files = (
				7C4F3BFB1FF3EFF40023AF93 /* APIManager.swift in Sources */,
				7C4F3BFD1FFAF2710023AF93 /* ComicCollectionViewCell.swift in Sources */,
				7C4F3BF91FF3C9080023AF93 /* ComicBook.swift in Sources */,
				7C8CF14D1FF1B43F006F5B1E /* ComicsCollectionViewController.swift in Sources */,
				7C8CF13B1FF1B335006F5B1E /* AppDelegate.swift in Sources */,
				7C4F3BFF1FFAFA900023AF93 /* ComicResources.swift in Sources */,
			);
			runOnlyForDeploymentPostprocessing = 0;
		};
/* End PBXSourcesBuildPhase section */

/* Begin PBXVariantGroup section */
		7C8CF13E1FF1B335006F5B1E /* Main.storyboard */ = {
			isa = PBXVariantGroup;
			children = (
				7C8CF13F1FF1B335006F5B1E /* Base */,
			);
			name = Main.storyboard;
			sourceTree = "<group>";
		};
		7C8CF1431FF1B335006F5B1E /* LaunchScreen.storyboard */ = {
			isa = PBXVariantGroup;
			children = (
				7C8CF1441FF1B335006F5B1E /* Base */,
			);
			name = LaunchScreen.storyboard;
			sourceTree = "<group>";
		};
/* End PBXVariantGroup section */

/* Begin XCBuildConfiguration section */
		7C8CF1471FF1B335006F5B1E /* Debug */ = {
			isa = XCBuildConfiguration;
			buildSettings = {
				ALWAYS_SEARCH_USER_PATHS = NO;
				CLANG_ANALYZER_NONNULL = YES;
				CLANG_ANALYZER_NUMBER_OBJECT_CONVERSION = YES_AGGRESSIVE;
				CLANG_CXX_LANGUAGE_STANDARD = "gnu++14";
				CLANG_CXX_LIBRARY = "libc++";
				CLANG_ENABLE_MODULES = YES;
				CLANG_ENABLE_OBJC_ARC = YES;
				CLANG_WARN_BLOCK_CAPTURE_AUTORELEASING = YES;
				CLANG_WARN_BOOL_CONVERSION = YES;
				CLANG_WARN_COMMA = YES;
				CLANG_WARN_CONSTANT_CONVERSION = YES;
				CLANG_WARN_DIRECT_OBJC_ISA_USAGE = YES_ERROR;
				CLANG_WARN_DOCUMENTATION_COMMENTS = YES;
				CLANG_WARN_EMPTY_BODY = YES;
				CLANG_WARN_ENUM_CONVERSION = YES;
				CLANG_WARN_INFINITE_RECURSION = YES;
				CLANG_WARN_INT_CONVERSION = YES;
				CLANG_WARN_NON_LITERAL_NULL_CONVERSION = YES;
				CLANG_WARN_OBJC_LITERAL_CONVERSION = YES;
				CLANG_WARN_OBJC_ROOT_CLASS = YES_ERROR;
				CLANG_WARN_RANGE_LOOP_ANALYSIS = YES;
				CLANG_WARN_STRICT_PROTOTYPES = YES;
				CLANG_WARN_SUSPICIOUS_MOVE = YES;
				CLANG_WARN_UNGUARDED_AVAILABILITY = YES_AGGRESSIVE;
				CLANG_WARN_UNREACHABLE_CODE = YES;
				CLANG_WARN__DUPLICATE_METHOD_MATCH = YES;
				CODE_SIGN_IDENTITY = "iPhone Developer";
				COPY_PHASE_STRIP = NO;
				DEBUG_INFORMATION_FORMAT = dwarf;
				ENABLE_STRICT_OBJC_MSGSEND = YES;
				ENABLE_TESTABILITY = YES;
				GCC_C_LANGUAGE_STANDARD = gnu11;
				GCC_DYNAMIC_NO_PIC = NO;
				GCC_NO_COMMON_BLOCKS = YES;
				GCC_OPTIMIZATION_LEVEL = 0;
				GCC_PREPROCESSOR_DEFINITIONS = (
					"DEBUG=1",
					"$(inherited)",
				);
				GCC_WARN_64_TO_32_BIT_CONVERSION = YES;
				GCC_WARN_ABOUT_RETURN_TYPE = YES_ERROR;
				GCC_WARN_UNDECLARED_SELECTOR = YES;
				GCC_WARN_UNINITIALIZED_AUTOS = YES_AGGRESSIVE;
				GCC_WARN_UNUSED_FUNCTION = YES;
				GCC_WARN_UNUSED_VARIABLE = YES;
				IPHONEOS_DEPLOYMENT_TARGET = 11.1;
				MTL_ENABLE_DEBUG_INFO = YES;
				ONLY_ACTIVE_ARCH = YES;
				SDKROOT = iphoneos;
				SWIFT_ACTIVE_COMPILATION_CONDITIONS = DEBUG;
				SWIFT_OPTIMIZATION_LEVEL = "-Onone";
			};
			name = Debug;
		};
		7C8CF1481FF1B335006F5B1E /* Release */ = {
			isa = XCBuildConfiguration;
			buildSettings = {
				ALWAYS_SEARCH_USER_PATHS = NO;
				CLANG_ANALYZER_NONNULL = YES;
				CLANG_ANALYZER_NUMBER_OBJECT_CONVERSION = YES_AGGRESSIVE;
				CLANG_CXX_LANGUAGE_STANDARD = "gnu++14";
				CLANG_CXX_LIBRARY = "libc++";
				CLANG_ENABLE_MODULES = YES;
				CLANG_ENABLE_OBJC_ARC = YES;
				CLANG_WARN_BLOCK_CAPTURE_AUTORELEASING = YES;
				CLANG_WARN_BOOL_CONVERSION = YES;
				CLANG_WARN_COMMA = YES;
				CLANG_WARN_CONSTANT_CONVERSION = YES;
				CLANG_WARN_DIRECT_OBJC_ISA_USAGE = YES_ERROR;
				CLANG_WARN_DOCUMENTATION_COMMENTS = YES;
				CLANG_WARN_EMPTY_BODY = YES;
				CLANG_WARN_ENUM_CONVERSION = YES;
				CLANG_WARN_INFINITE_RECURSION = YES;
				CLANG_WARN_INT_CONVERSION = YES;
				CLANG_WARN_NON_LITERAL_NULL_CONVERSION = YES;
				CLANG_WARN_OBJC_LITERAL_CONVERSION = YES;
				CLANG_WARN_OBJC_ROOT_CLASS = YES_ERROR;
				CLANG_WARN_RANGE_LOOP_ANALYSIS = YES;
				CLANG_WARN_STRICT_PROTOTYPES = YES;
				CLANG_WARN_SUSPICIOUS_MOVE = YES;
				CLANG_WARN_UNGUARDED_AVAILABILITY = YES_AGGRESSIVE;
				CLANG_WARN_UNREACHABLE_CODE = YES;
				CLANG_WARN__DUPLICATE_METHOD_MATCH = YES;
				CODE_SIGN_IDENTITY = "iPhone Developer";
				COPY_PHASE_STRIP = NO;
				DEBUG_INFORMATION_FORMAT = "dwarf-with-dsym";
				ENABLE_NS_ASSERTIONS = NO;
				ENABLE_STRICT_OBJC_MSGSEND = YES;
				GCC_C_LANGUAGE_STANDARD = gnu11;
				GCC_NO_COMMON_BLOCKS = YES;
				GCC_WARN_64_TO_32_BIT_CONVERSION = YES;
				GCC_WARN_ABOUT_RETURN_TYPE = YES_ERROR;
				GCC_WARN_UNDECLARED_SELECTOR = YES;
				GCC_WARN_UNINITIALIZED_AUTOS = YES_AGGRESSIVE;
				GCC_WARN_UNUSED_FUNCTION = YES;
				GCC_WARN_UNUSED_VARIABLE = YES;
				IPHONEOS_DEPLOYMENT_TARGET = 11.1;
				MTL_ENABLE_DEBUG_INFO = NO;
				SDKROOT = iphoneos;
				SWIFT_OPTIMIZATION_LEVEL = "-Owholemodule";
				VALIDATE_PRODUCT = YES;
			};
			name = Release;
		};
		7C8CF14A1FF1B335006F5B1E /* Debug */ = {
			isa = XCBuildConfiguration;
			buildSettings = {
				ASSETCATALOG_COMPILER_APPICON_NAME = AppIcon;
				CODE_SIGN_STYLE = Automatic;
				FRAMEWORK_SEARCH_PATHS = (
					"$(inherited)",
					"$(PROJECT_DIR)/Carthage/Build/iOS",
				);
				INFOPLIST_FILE = marvelComics/Info.plist;
				LD_RUNPATH_SEARCH_PATHS = "$(inherited) @executable_path/Frameworks";
				PRODUCT_BUNDLE_IDENTIFIER = Gomes.marvelComics;
				PRODUCT_NAME = "$(TARGET_NAME)";
				SWIFT_VERSION = 4.0;
				TARGETED_DEVICE_FAMILY = "1,2";
			};
			name = Debug;
		};
		7C8CF14B1FF1B335006F5B1E /* Release */ = {
			isa = XCBuildConfiguration;
			buildSettings = {
				ASSETCATALOG_COMPILER_APPICON_NAME = AppIcon;
				CODE_SIGN_STYLE = Automatic;
				FRAMEWORK_SEARCH_PATHS = (
					"$(inherited)",
					"$(PROJECT_DIR)/Carthage/Build/iOS",
				);
				INFOPLIST_FILE = marvelComics/Info.plist;
				LD_RUNPATH_SEARCH_PATHS = "$(inherited) @executable_path/Frameworks";
				PRODUCT_BUNDLE_IDENTIFIER = Gomes.marvelComics;
				PRODUCT_NAME = "$(TARGET_NAME)";
				SWIFT_VERSION = 4.0;
				TARGETED_DEVICE_FAMILY = "1,2";
			};
			name = Release;
		};
/* End XCBuildConfiguration section */

/* Begin XCConfigurationList section */
		7C8CF1321FF1B335006F5B1E /* Build configuration list for PBXProject "marvelComics" */ = {
			isa = XCConfigurationList;
			buildConfigurations = (
				7C8CF1471FF1B335006F5B1E /* Debug */,
				7C8CF1481FF1B335006F5B1E /* Release */,
			);
			defaultConfigurationIsVisible = 0;
			defaultConfigurationName = Release;
		};
		7C8CF1491FF1B335006F5B1E /* Build configuration list for PBXNativeTarget "marvelComics" */ = {
			isa = XCConfigurationList;
			buildConfigurations = (
				7C8CF14A1FF1B335006F5B1E /* Debug */,
				7C8CF14B1FF1B335006F5B1E /* Release */,
			);
			defaultConfigurationIsVisible = 0;
			defaultConfigurationName = Release;
		};
/* End XCConfigurationList section */
	};
	rootObject = 7C8CF12F1FF1B335006F5B1E /* Project object */;
}
